buf.build/gen/go/bufbuild/protodescriptor/protocolbuffers/go v1.36.11-20250109164928-1da0de137947.1 h1:HwzzCRS4ZrEm1++rzSDxHnO0DOjiT1b8I/24e8a4exY=
buf.build/gen/go/bufbuild/protodescriptor/protocolbuffers/go v1.36.11-20250109164928-1da0de137947.1/go.mod h1:8PRKXhgNes29Tjrnv8KdZzg3I1QceOkzibW1QK7EXv0=
buf.build/gen/go/bufbuild/protovalidate/protocolbuffers/go v1.36.11-20260415201107-50325440f8f2.1 h1:s6hzCXtND/ICdGPTMGk7C+/BFlr2Jg5GyH0NKf4XGXg=
buf.build/gen/go/bufbuild/protovalidate/protocolbuffers/go v1.36.11-20260415201107-50325440f8f2.1/go.mod h1:tvtbpgaVXZX4g6Pn+AnzFycuRK3MOz5HJfEGeEllXYM=
buf.build/gen/go/bufbuild/registry/connectrpc/go v1.19.2-20260506191125-db9f7abb69a0.1 h1:W+CnLcV+Xyo1+/9jK5DTafJdy0k+xg6qbycnZkzpIzc=
buf.build/gen/go/bufbuild/registry/connectrpc/go v1.19.2-20260506191125-db9f7abb69a0.1/go.mod h1:b+VhoLtaw29B9V8nnwIaVFAOLAvhFVcXUjbCWxZNEjM=
buf.build/gen/go/bufbuild/registry/protocolbuffers/go v1.36.11-20260506191125-db9f7abb69a0.1 h1:4T3A0dv9PA3lk/h3ord3MjLPph7TjUy+hlo38UgGxbA=
buf.build/gen/go/bufbuild/registry/protocolbuffers/go v1.36.11-20260506191125-db9f7abb69a0.1/go.mod h1:1JJi9jvOqRxSMa+JxiZSm57doB+db/1WYCIa2lHfc40=
buf.build/gen/go/connectrpc/eliza/protocolbuffers/go v1.36.11-20230913231627-233fca715f49.1 h1:xjZ4zgRFd6PmzJtCNiShiaUJutlTSyMucmwI5DtdPWw=
buf.build/gen/go/connectrpc/eliza/protocolbuffers/go v1.36.11-20230913231627-233fca715f49.1/go.mod h1:kmRSlmVl/HxXLf/g5I/cnxFc0DlcSADUrlrv0rQ3LuY=
buf.build/gen/go/grpc/grpc/connectrpc/go v1.19.2-20260331211127-1730f7242d0f.1 h1:wFQcvOYqK67aLJDNPxNFLT6bHxR3uikla0BFdjWpXYA=
buf.build/gen/go/grpc/grpc/connectrpc/go v1.19.2-20260331211127-1730f7242d0f.1/go.mod h1:jBZMiHwvLs2rqJWSbWvc+dZaJud5rTi0BmIx3l3T1E4=
buf.build/gen/go/grpc/grpc/protocolbuffers/go v1.36.11-20260331211127-1730f7242d0f.1 h1:9dqL0CgyB/SQGaanKJZDIaJ7j+CvuBEKuiFR/ZlJMow=
buf.build/gen/go/grpc/grpc/protocolbuffers/go v1.36.11-20260331211127-1730f7242d0f.1/go.mod h1:jLBTpV/Y3DWaJcEmHPA4VFfToks5fVSatLMApAqFHNk=
buf.build/go/protovalidate v1.2.0 h1:DQVrUWkmGTBij+kOYv/x2LLxwcLaGKMdzShj1/6/3H0=
buf.build/go/protovalidate v1.2.0/go.mod h1:7rYiQEhqvAipoazpVNBBH2S2f8bjG4huMVy1V2Yofn4=
buf.build/go/protoyaml v0.6.0 h1:Nzz1lvcXF8YgNZXk+voPPwdU8FjDPTUV4ndNTXN0n2w=
buf.build/go/protoyaml v0.6.0/go.mod h1:RgUOsBu/GYKLDSIRgQXniXbNgFlGEZnQpRAUdLAFV2Q=
cel.dev/expr v0.25.1 h1:1KrZg61W6TWSxuNZ37Xy49ps13NUovb66QLprthtwi4=
cel.dev/expr v0.25.1/go.mod h1:hrXvqGP6G6gyx8UAHSHJ5RGk//1Oj5nXQ2NI02Nrsg4=
connectrpc.com/connect v1.19.2 h1:McQ83FGdzL+t60peksi0gXC7MQ/iLKgLduAnThbM0mo=
connectrpc.com/connect v1.19.2/go.mod h1:tN20fjdGlewnSFeZxLKb0xwIZ6ozc3OQs2hTXy4du9w=
github.com/antlr4-go/antlr/v4 v4.13.1 h1:SqQKkuVZ+zWkMMNkjy5FZe5mr5WURWnlpmOuzYWrPrQ=
github.com/antlr4-go/antlr/v4 v4.13.1/go.mod h1:GKmUxMtwp6ZgGwZSva4eWPC5mS6vUAmOABFgjdkM7Nw=
github.com/bmatcuk/doublestar/v4 v4.10.0 h1:zU9WiOla1YA122oLM6i4EXvGW62DvKZVxIe6TYWexEs=
github.com/bmatcuk/doublestar/v4 v4.10.0/go.mod h1:xBQ8jztBU6kakFMg+8WGxn0c6z1fTSPVIjEY1Wr7jzc=
github.com/brianvoe/gofakeit/v6 v6.28.0 h1:Xib46XXuQfmlLS2EXRuJpqcw8St6qSZz75OUo0tgAW4=
github.com/brianvoe/gofakeit/v6 v6.28.0/go.mod h1:Xj58BMSnFqcn/fAQeSK+/PLtC5kSb7FJIq4JyGa8vEs=
github.com/brianvoe/gofakeit/v7 v7.14.1 h1:a7fe3fonbj0cW3wgl5VwIKfZtiH9C3cLnwcIXWT7sow=
github.com/brianvoe/gofakeit/v7 v7.14.1/go.mod h1:QXuPeBw164PJCzCUZVmgpgHJ3Llj49jSLVkKPMtxtxA=
github.com/davecgh/go-spew v1.1.1 h1:vj9j/u1bqnvCEfJOwUhtlOARqs3+rkHYY13jYWTU97c=
github.com/davecgh/go-spew v1.1.1/go.mod h1:J7Y8YcW2NihsgmVo/mv3lAwl/skON4iLHjSsI+c5H38=
github.com/google/cel-go v0.28.0 h1:KjSWstCpz/MN5t4a8gnGJNIYUsJRpdi/r97xWDphIQc=
github.com/google/cel-go v0.28.0/go.mod h1:X0bD6iVNR8pkROSOoHVdgTkzmRcosof7WQqCD6wcMc8=
github.com/google/go-cmp v0.7.0 h1:wk8382ETsv4JYUZwIsn6YpYiWiBsYLSJiTsyBybVuN8=
github.com/google/go-cmp v0.7.0/go.mod h1:pXiqmnSA92OHEEa9HXL2W4E7lf9JzCmGVUdgjX3N/iU=
github.com/kr/pretty v0.1.0 h1:L/CwN0zerZDmRFUapSPitk6f+Q3+0za1rQkzVuMiMFI=
github.com/kr/pretty v0.1.0/go.mod h1:dAy3ld7l9f0ibDNOQOHHMYYIIbhfbHSm3C4ZsoJORNo=
github.com/kr/text v0.2.0 h1:5Nx0Ya0ZqY2ygV366QzturHI13Jq95ApcVaJBhpS+AY=
github.com/kr/text v0.2.0/go.mod h1:eLer722TekiGuMkidMxC/pM04lWEeraHUUmBw8l2grE=
github.com/petermattis/goid v0.0.0-20260113132338-7c7de50cc741 h1:KPpdlQLZcHfTMQRi6bFQ7ogNO0ltFT4PmtwTLW4W+14=
github.com/petermattis/goid v0.0.0-20260113132338-7c7de50cc741/go.mod h1:pxMtw7cyUw6B2bRH0ZBANSPg+AoSud1I1iyJHI69jH4=
github.com/pmezard/go-difflib v1.0.0 h1:4DBwDE0NGyQoBHbLQYPwSUPoCMWR5BEzIk/f1lZbAQM=
github.com/pmezard/go-difflib v1.0.0/go.mod h1:iKH77koFhYxTK1pcRnkKkqfTogsbg7gZNVY4sRDYZ/4=
github.com/protocolbuffers/protoscope v0.0.0-20221109213918-8e7a6aafa2c9 h1:arwj11zP0yJIxIRiDn22E0H8PxfF7TsTrc2wIPFIsf4=
github.com/protocolbuffers/protoscope v0.0.0-20221109213918-8e7a6aafa2c9/go.mod h1:SKZx6stCn03JN3BOWTwvVIO2ajMkb/zQdTceXYhKw/4=
github.com/rivo/uniseg v0.4.7 h1:WUdvkW8uEhrYfLC4ZzdpI2ztxP1I582+49Oc5Mq64VQ=
github.com/rivo/uniseg v0.4.7/go.mod h1:FN3SvrM+Zdj16jyLfmOkMNblXMcoc8DfTHruCPUcx88=
github.com/rodaine/protogofakeit v0.1.1 h1:ZKouljuRM3A+TArppfBqnH8tGZHOwM/pjvtXe9DaXH8=
github.com/rodaine/protogofakeit v0.1.1/go.mod h1:pXn/AstBYMaSfc1/RqH3N82pBuxtWgejz1AlYpY1mI0=
github.com/stretchr/testify v1.11.1 h1:7s2iGBzp5EwR7/aIZr8ao5+dra3wiQyKjjFuvgVKu7U=
github.com/stretchr/testify v1.11.1/go.mod h1:wZwfW3scLgRK+23gO65QZefKpKQRnfz6sD981Nm4B6U=
github.com/sudorandom/fauxrpc v0.19.9 h1:64Ejv/tIPwtoEf5wY4VW0AbMphce3FClMPtgcR0qhcE=
github.com/sudorandom/fauxrpc v0.19.9/go.mod h1:BlZfOksifscu1528CLGQDPoqJsqBFfgbQKEwDyMlz28=
github.com/sudorandom/protocompile v0.0.0-20260610180332-a5cbeef49723 h1:rRhqE7jMGfNgTerns2QfPyREMtN6wXkTilYXozlWcIA=
github.com/sudorandom/protocompile v0.0.0-20260610180332-a5cbeef49723/go.mod h1:jPUiZUFWc8E3Kc2Y4SRlGAdjde4amGkHY0BUACNS43E=
github.com/tidwall/btree v1.8.1 h1:27ehoXvm5AG/g+1VxLS1SD3vRhp/H7LuEfwNvddEdmA=
github.com/tidwall/btree v1.8.1/go.mod h1:jBbTdUWhSZClZWoDg54VnvV7/54modSOzDN7VXftj1A=
go.yaml.in/yaml/v3 v3.0.4 h1:tfq32ie2Jv2UxXFdLJdh3jXuOzWiL1fo0bu/FbuKpbc=
go.yaml.in/yaml/v3 v3.0.4/go.mod h1:DhzuOOF2ATzADvBadXxruRBLzYTpT36CKvDb3+aBEFg=
golang.org/x/exp v0.0.0-20260410095643-746e56fc9e2f h1:W3F4c+6OLc6H2lb//N1q4WpJkhzJCK5J6kUi1NTVXfM=
golang.org/x/exp v0.0.0-20260410095643-746e56fc9e2f/go.mod h1:J1xhfL/vlindoeF/aINzNzt2Bket5bjo9sdOYzOsU80=
golang.org/x/sync v0.20.0 h1:e0PTpb7pjO8GAtTs2dQ6jYa5BWYlMuX047Dco/pItO4=
golang.org/x/sync v0.20.0/go.mod h1:9xrNwdLfx4jkKbNva9FpL6vEN7evnE43NNNJQ2LF3+0=
golang.org/x/text v0.36.0 h1:JfKh3XmcRPqZPKevfXVpI1wXPTqbkE5f7JA92a55Yxg=
golang.org/x/text v0.36.0/go.mod h1:NIdBknypM8iqVmPiuco0Dh6P5Jcdk8lJL0CUebqK164=
google.golang.org/genproto/googleapis/api v0.0.0-20260504160031-60b97b32f348 h1:U8orV30l6KpDsi9dxU0CoJZGbjS8EEpw+6ba+XwGPQA=
google.golang.org/genproto/googleapis/api v0.0.0-20260504160031-60b97b32f348/go.mod h1:Yzdzr5OOZFgSsEV2D/Xi9NL3bszpXFAg0hFJiRohcD8=
google.golang.org/genproto/googleapis/rpc v0.0.0-20260504160031-60b97b32f348 h1:pfIbyB44sWzHiCpRqIen67ZQnVXSfIxWrqUMk1qwODE=
google.golang.org/genproto/googleapis/rpc v0.0.0-20260504160031-60b97b32f348/go.mod h1:4Hqkh8ycfw05ld/3BWL7rJOSfebL2Q+DVDeRgYgxUU8=
google.golang.org/protobuf v1.36.11 h1:fV6ZwhNocDyBLK0dj+fg8ektcVegBBuEolpbTQyBNVE=
google.golang.org/protobuf v1.36.11/go.mod h1:HTf+CrKn2C3g5S8VImy6tdcUvCska2kB7j23XfzDpco=
gopkg.in/check.v1 v0.0.0-20161208181325-20d25e280405/go.mod h1:Co6ibVJAznAaIkqp8huTwlJQCZ016jof/cbN4VW5Yz0=
gopkg.in/check.v1 v1.0.0-20190902080502-41f04d3bba15 h1:YR8cESwS4TdDjEe65xsg0ogRM/Nc3DYOhEAlW+xobZo=
gopkg.in/check.v1 v1.0.0-20190902080502-41f04d3bba15/go.mod h1:Co6ibVJAznAaIkqp8huTwlJQCZ016jof/cbN4VW5Yz0=
gopkg.in/yaml.v3 v3.0.1 h1:fxVm/GzAzEWqLHuvctI91KS9hhNmmWOoWu0XTYJS7CA=
gopkg.in/yaml.v3 v3.0.1/go.mod h1:K4uyk7z7BCEPqu6E+C64Yfv1cQ7kz7rIZviUmN+EgEM=
